
Microsoft Visual Studio Solution File, Format Version 12.00
# Visual Studio Version 17
VisualStudioVersion = 17.11.35327.3
MinimumVisualStudioVersion = 10.0.40219.1
Project("{9A19103F-16F7-4668-BE54-9A1E7A4F7556}") = "Sales.Models", "Sales.Models\Sales.Models.csproj", "{726ACDA7-6013-4DD0-ADE8-45CD86343249}"
EndProject
Project("{9A19103F-16F7-4668-BE54-9A1E7A4F7556}") = "Sales.Desktop", "Sales.Desktop\Sales.Desktop.csproj", "{4EBDBDF4-2E37-4048-B67A-A2FDC918D4BF}"
EndProject
Project("{9A19103F-16F7-4668-BE54-9A1E7A4F7556}") = "Sales.Services", "Sales.Services\Sales.Services.csproj", "{35D0379D-BCAB-46B2-B2DF-1F9EA41676FC}"
EndProject
Project("{9A19103F-16F7-4668-BE54-9A1E7A4F7556}") = "Sales.Web", "Sales.Web\Sales.Web.csproj", "{63BF8CA8-D048-4D40-9985-0B2EEA2D6DA7}"
EndProject
Project("{9A19103F-16F7-4668-BE54-9A1E7A4F7556}") = "Sales.Mobile", "Sales.Mobile\Sales.Mobile.csproj", "{C8848878-16B3-4F62-8416-9B97B1E645F8}"
EndProject
Project("{9A19103F-16F7-4668-BE54-9A1E7A4F7556}") = "Sales.APIs", "Sales.APIs\Sales.APIs.csproj", "{338451FD-2758-4603-B6F5-6B72169F85FA}"
EndProject
Global
	GlobalSection(SolutionConfigurationPlatforms) = preSolution
		Debug|Any CPU = Debug|Any CPU
		Release|Any CPU = Release|Any CPU
	EndGlobalSection
	GlobalSection(ProjectConfigurationPlatforms) = postSolution
		{726ACDA7-6013-4DD0-ADE8-45CD86343249}.Debug|Any CPU.ActiveCfg = Debug|Any CPU
		{726ACDA7-6013-4DD0-ADE8-45CD86343249}.Debug|Any CPU.Build.0 = Debug|Any CPU
		{726ACDA7-6013-4DD0-ADE8-45CD86343249}.Release|Any CPU.ActiveCfg = Release|Any CPU
		{726ACDA7-6013-4DD0-ADE8-45CD86343249}.Release|Any CPU.Build.0 = Release|Any CPU
		{4EBDBDF4-2E37-4048-B67A-A2FDC918D4BF}.Debug|Any CPU.ActiveCfg = Debug|Any CPU
		{4EBDBDF4-2E37-4048-B67A-A2FDC918D4BF}.Debug|Any CPU.Build.0 = Debug|Any CPU
		{4EBDBDF4-2E37-4048-B67A-A2FDC918D4BF}.Release|Any CPU.ActiveCfg = Release|Any CPU
		{4EBDBDF4-2E37-4048-B67A-A2FDC918D4BF}.Release|Any CPU.Build.0 = Release|Any CPU
		{35D0379D-BCAB-46B2-B2DF-1F9EA41676FC}.Debug|Any CPU.ActiveCfg = Debug|Any CPU
		{35D0379D-BCAB-46B2-B2DF-1F9EA41676FC}.Debug|Any CPU.Build.0 = Debug|Any CPU
		{35D0379D-BCAB-46B2-B2DF-1F9EA41676FC}.Release|Any CPU.ActiveCfg = Release|Any CPU
		{35D0379D-BCAB-46B2-B2DF-1F9EA41676FC}.Release|Any CPU.Build.0 = Release|Any CPU
		{63BF8CA8-D048-4D40-9985-0B2EEA2D6DA7}.Debug|Any CPU.ActiveCfg = Debug|Any CPU
		{63BF8CA8-D048-4D40-9985-0B2EEA2D6DA7}.Debug|Any CPU.Build.0 = Debug|Any CPU
		{63BF8CA8-D048-4D40-9985-0B2EEA2D6DA7}.Release|Any CPU.ActiveCfg = Release|Any CPU
		{63BF8CA8-D048-4D40-9985-0B2EEA2D6DA7}.Release|Any CPU.Build.0 = Release|Any CPU
		{C8848878-16B3-4F62-8416-9B97B1E645F8}.Debug|Any CPU.ActiveCfg = Debug|Any CPU
		{C8848878-16B3-4F62-8416-9B97B1E645F8}.Debug|Any CPU.Build.0 = Debug|Any CPU
		{C8848878-16B3-4F62-8416-9B97B1E645F8}.Debug|Any CPU.Deploy.0 = Debug|Any CPU
		{C8848878-16B3-4F62-8416-9B97B1E645F8}.Release|Any CPU.ActiveCfg = Release|Any CPU
		{C8848878-16B3-4F62-8416-9B97B1E645F8}.Release|Any CPU.Build.0 = Release|Any CPU
		{C8848878-16B3-4F62-8416-9B97B1E645F8}.Release|Any CPU.Deploy.0 = Release|Any CPU
		{338451FD-2758-4603-B6F5-6B72169F85FA}.Debug|Any CPU.ActiveCfg = Debug|Any CPU
		{338451FD-2758-4603-B6F5-6B72169F85FA}.Debug|Any CPU.Build.0 = Debug|Any CPU
		{338451FD-2758-4603-B6F5-6B72169F85FA}.Release|Any CPU.ActiveCfg = Release|Any CPU
		{338451FD-2758-4603-B6F5-6B72169F85FA}.Release|Any CPU.Build.0 = Release|Any CPU
	EndGlobalSection
	GlobalSection(SolutionProperties) = preSolution
		HideSolutionNode = FALSE
	EndGlobalSection
	GlobalSection(ExtensibilityGlobals) = postSolution
		SolutionGuid = {4E4B35FA-1F14-49CA-8F12-158678348AA1}
	EndGlobalSection
EndGlobal
